
Microsoft Visual Studio Solution File, Format Version 12.00
# Visual Studio 15
VisualStudioVersion = 15.0.27428.2027
MinimumVisualStudioVersion = 10.0.40219.1
Project("{2150E333-8FDC-42A3-9474-1A3956D46DE8}") = "src", "src", "{24A7D1AD-62A5-436F-B6B6-D25100264725}"
EndProject
Project("{9A19103F-16F7-4668-BE54-9A1E7A4F7556}") = "RPGSmithApp", "RPGSmithApp\RPGSmithApp\RPGSmithApp.csproj", "{D34AB3B9-AC14-47DC-ACCE-C4BF8D4BBC35}"
EndProject
Project("{9A19103F-16F7-4668-BE54-9A1E7A4F7556}") = "DAL", "RPGSmithApp\DAL\DAL.csproj", "{7E984B6A-1EC1-4CB5-8407-9A7E8C5CDD2F}"
EndProject
Global
	GlobalSection(SolutionConfigurationPlatforms) = preSolution
		Debug|Any CPU = Debug|Any CPU
		Release|Any CPU = Release|Any CPU
	EndGlobalSection
	GlobalSection(ProjectConfigurationPlatforms) = postSolution
		{D34AB3B9-AC14-47DC-ACCE-C4BF8D4BBC35}.Debug|Any CPU.ActiveCfg = Debug|Any CPU
		{D34AB3B9-AC14-47DC-ACCE-C4BF8D4BBC35}.Debug|Any CPU.Build.0 = Debug|Any CPU
		{D34AB3B9-AC14-47DC-ACCE-C4BF8D4BBC35}.Release|Any CPU.ActiveCfg = Release|Any CPU
		{D34AB3B9-AC14-47DC-ACCE-C4BF8D4BBC35}.Release|Any CPU.Build.0 = Release|Any CPU
		{7E984B6A-1EC1-4CB5-8407-9A7E8C5CDD2F}.Debug|Any CPU.ActiveCfg = Debug|Any CPU
		{7E984B6A-1EC1-4CB5-8407-9A7E8C5CDD2F}.Debug|Any CPU.Build.0 = Debug|Any CPU
		{7E984B6A-1EC1-4CB5-8407-9A7E8C5CDD2F}.Release|Any CPU.ActiveCfg = Release|Any CPU
		{7E984B6A-1EC1-4CB5-8407-9A7E8C5CDD2F}.Release|Any CPU.Build.0 = Release|Any CPU
	EndGlobalSection
	GlobalSection(SolutionProperties) = preSolution
		HideSolutionNode = FALSE
	EndGlobalSection
	GlobalSection(NestedProjects) = preSolution
		{D34AB3B9-AC14-47DC-ACCE-C4BF8D4BBC35} = {24A7D1AD-62A5-436F-B6B6-D25100264725}
		{7E984B6A-1EC1-4CB5-8407-9A7E8C5CDD2F} = {24A7D1AD-62A5-436F-B6B6-D25100264725}
	EndGlobalSection
	GlobalSection(ExtensibilityGlobals) = postSolution
		SolutionGuid = {A4D335BC-B3D5-4E60-9336-FC4A7AD66A64}
	EndGlobalSection
EndGlobal
